// !$*UTF8*$!
{
	archiveVersion = 1;
	classes = {
	};
	objectVersion = 46;
	objects = {

/* Begin PBXBuildFile section */
		D6C540E01DE5748D003BC5A8 /* AppDelegate.swift in Sources */ = {isa = PBXBuildFile; fileRef = D6C540DF1DE5748D003BC5A8 /* AppDelegate.swift */; };
		D6C540E21DE5748D003BC5A8 /* ViewController.swift in Sources */ = {isa = PBXBuildFile; fileRef = D6C540E11DE5748D003BC5A8 /* ViewController.swift */; };
		D6C540E51DE5748D003BC5A8 /* Main.storyboard in Resources */ = {isa = PBXBuildFile; fileRef = D6C540E31DE5748D003BC5A8 /* Main.storyboard */; };
		D6C540E71DE5748D003BC5A8 /* Assets.xcassets in Resources */ = {isa = PBXBuildFile; fileRef = D6C540E61DE5748D003BC5A8 /* Assets.xcassets */; };
		D6C540EA1DE5748D003BC5A8 /* LaunchScreen.storyboard in Resources */ = {isa = PBXBuildFile; fileRef = D6C540E81DE5748D003BC5A8 /* LaunchScreen.storyboard */; };
/* End PBXBuildFile section */

/* Begin PBXFileReference section */
		D6C540DC1DE5748D003BC5A8 /* sample.app */ = {isa = PBXFileReference; explicitFileType = wrapper.application; includeInIndex = 0; path = sample.app; sourceTree = BUILT_PRODUCTS_DIR; };
		D6C540DF1DE5748D003BC5A8 /* AppDelegate.swift */ = {isa = PBXFileReference; lastKnownFileType = sourcecode.swift; path = AppDelegate.swift; sourceTree = "<group>"; };
		D6C540E11DE5748D003BC5A8 /* ViewController.swift */ = {isa = PBXFileReference; lastKnownFileType = sourcecode.swift; path = ViewController.swift; sourceTree = "<group>"; };
		D6C540E41DE5748D003BC5A8 /* Base */ = {isa = PBXFileReference; lastKnownFileType = file.storyboard; name = Base; path = Base.lproj/Main.storyboard; sourceTree = "<group>"; };
		D6C540E61DE5748D003BC5A8 /* Assets.xcassets */ = {isa = PBXFileReference; lastKnownFileType = folder.assetcatalog; path = Assets.xcassets; sourceTree = "<group>"; };
		D6C540E91DE5748D003BC5A8 /* Base */ = {isa = PBXFileReference; lastKnownFileType = file.storyboard; name = Base; path = Base.lproj/LaunchScreen.storyboard; sourceTree = "<group>"; };
		D6C540EB1DE5748D003BC5A8 /* Info.plist */ = {isa = PBXFileReference; lastKnownFileType = text.plist.xml; path = Info.plist; sourceTree = "<group>"; };
/* End PBXFileReference section */

/* Begin PBXFrameworksBuildPhase section */
		D6C540D91DE5748D003BC5A8 /* Frameworks */ = {
			isa = PBXFrameworksBuildPhase;
			buildActionMask = 2147483647;
			files = (
			);
			runOnlyForDeploymentPostprocessing = 0;
		};
/* End PBXFrameworksBuildPhase section */

/* Begin PBXGroup section */
		D6C540D31DE5748D003BC5A8 = {
			isa = PBXGroup;
			children = (
				D6C540DE1DE5748D003BC5A8 /* sample */,
				D6C540DD1DE5748D003BC5A8 /* Products */,
			);
			sourceTree = "<group>";
		};
		D6C540DD1DE5748D003BC5A8 /* Products */ = {
			isa = PBXGroup;
			children = (
				D6C540DC1DE5748D003BC5A8 /* sample.app */,
			);
			name = Products;
			sourceTree = "<group>";
		};
		D6C540DE1DE5748D003BC5A8 /* sample */ = {
			isa = PBXGroup;
			children = (
				D6C540DF1DE5748D003BC5A8 /* AppDelegate.swift */,
				D6C540E11DE5748D003BC5A8 /* ViewController.swift */,
				D6C540E31DE5748D003BC5A8 /* Main.storyboard */,
				D6C540E61DE5748D003BC5A8 /* Assets.xcassets */,
				D6C540E81DE5748D003BC5A8 /* LaunchScreen.storyboard */,
				D6C540EB1DE5748D003BC5A8 /* Info.plist */,
			);
			path = sample;
			sourceTree = "<group>";
		};
/* End PBXGroup section */

/* Begin PBXNativeTarget section */
		D6C540DB1DE5748D003BC5A8 /* sample */ = {
			isa = PBXNativeTarget;
			buildConfigurationList = D6C540EE1DE5748D003BC5A8 /* Build configuration list for PBXNativeTarget "sample" */;
			buildPhases = (
				D6C540D81DE5748D003BC5A8 /* Sources */,
				D6C540D91DE5748D003BC5A8 /* Frameworks */,
				D6C540DA1DE5748D003BC5A8 /* Resources */,
			);
			buildRules = (
			);
			dependencies = (
			);
			name = sample;
			productName = sample;
			productReference = D6C540DC1DE5748D003BC5A8 /* sample.app */;
			productType = "com.apple.product-type.application";
		};
/* End PBXNativeTarget section */

/* Begin PBXProject section */
		D6C540D41DE5748D003BC5A8 /* Project object */ = {
			isa = PBXProject;
			attributes = {
				LastSwiftUpdateCheck = 0720;
				LastUpgradeCheck = 0720;
				ORGANIZATIONNAME = Practice;
				TargetAttributes = {
					D6C540DB1DE5748D003BC5A8 = {
						CreatedOnToolsVersion = 7.2;
						DevelopmentTeam = XE4RH98G9R;
					};
				};
			};
			buildConfigurationList = D6C540D71DE5748D003BC5A8 /* Build configuration list for PBXProject "sample" */;
			compatibilityVersion = "Xcode 3.2";
			developmentRegion = English;
			hasScannedForEncodings = 0;
			knownRegions = (
				en,
				Base,
			);
			mainGroup = D6C540D31DE5748D003BC5A8;
			productRefGroup = D6C540DD1DE5748D003BC5A8 /* Products */;
			projectDirPath = "";
			projectRoot = "";
			targets = (
				D6C540DB1DE5748D003BC5A8 /* sample */,
			);
		};
/* End PBXProject section */

/* Begin PBXResourcesBuildPhase section */
		D6C540DA1DE5748D003BC5A8 /* Resources */ = {
			isa = PBXResourcesBuildPhase;
			buildActionMask = 2147483647;
			files = (
				D6C540EA1DE5748D003BC5A8 /* LaunchScreen.storyboard in Resources */,
				D6C540E71DE5748D003BC5A8 /* Assets.xcassets in Resources */,
				D6C540E51DE5748D003BC5A8 /* Main.storyboard in Resources */,
			);
			runOnlyForDeploymentPostprocessing = 0;
		};
/* End PBXResourcesBuildPhase section */

/* Begin PBXSourcesBuildPhase section */
		D6C540D81DE5748D003BC5A8 /* Sources */ = {
			isa = PBXSourcesBuildPhase;
			buildActionMask = 2147483647;
			files = (
				D6C540E21DE5748D003BC5A8 /* ViewController.swift in Sources */,
				D6C540E01DE5748D003BC5A8 /* AppDelegate.swift in Sources */,
			);
			runOnlyForDeploymentPostprocessing = 0;
		};
/* End PBXSourcesBuildPhase section */

/* Begin PBXVariantGroup section */
		D6C540E31DE5748D003BC5A8 /* Main.storyboard */ = {
			isa = PBXVariantGroup;
			children = (
				D6C540E41DE5748D003BC5A8 /* Base */,
			);
			name = Main.storyboard;
			sourceTree = "<group>";
		};
		D6C540E81DE5748D003BC5A8 /* LaunchScreen.storyboard */ = {
			isa = PBXVariantGroup;
			children = (
				D6C540E91DE5748D003BC5A8 /* Base */,
			);
			name = LaunchScreen.storyboard;
			sourceTree = "<group>";
		};
/* End PBXVariantGroup section */

/* Begin XCBuildConfiguration section */
		D6C540EC1DE5748D003BC5A8 /* Debug */ = {
			isa = XCBuildConfiguration;
			buildSettings = {
				ALWAYS_SEARCH_USER_PATHS = NO;
				CLANG_CXX_LANGUAGE_STANDARD = "gnu++0x";
				CLANG_CXX_LIBRARY = "libc++";
				CLANG_ENABLE_MODULES = YES;
				CLANG_ENABLE_OBJC_ARC = YES;
				CLANG_WARN_BOOL_CONVERSION = YES;
				CLANG_WARN_CONSTANT_CONVERSION = YES;
				CLANG_WARN_DIRECT_OBJC_ISA_USAGE = YES_ERROR;
				CLANG_WARN_EMPTY_BODY = YES;
				CLANG_WARN_ENUM_CONVERSION = YES;
				CLANG_WARN_INT_CONVERSION = YES;
				CLANG_WARN_OBJC_ROOT_CLASS = YES_ERROR;
				CLANG_WARN_UNREACHABLE_CODE = YES;
				CLANG_WARN__DUPLICATE_METHOD_MATCH = YES;
				"CODE_SIGN_IDENTITY[sdk=iphoneos*]" = "iPhone Developer";
				COPY_PHASE_STRIP = NO;
				DEBUG_INFORMATION_FORMAT = dwarf;
				ENABLE_STRICT_OBJC_MSGSEND = YES;
				ENABLE_TESTABILITY = YES;
				GCC_C_LANGUAGE_STANDARD = gnu99;
				GCC_DYNAMIC_NO_PIC = NO;
				GCC_NO_COMMON_BLOCKS = YES;
				GCC_OPTIMIZATION_LEVEL = 0;
				GCC_PREPROCESSOR_DEFINITIONS = (
					"DEBUG=1",
					"$(inherited)",
				);
				GCC_WARN_64_TO_32_BIT_CONVERSION = YES;
				GCC_WARN_ABOUT_RETURN_TYPE = YES_ERROR;
				GCC_WARN_UNDECLARED_SELECTOR = YES;
				GCC_WARN_UNINITIALIZED_AUTOS = YES_AGGRESSIVE;
				GCC_WARN_UNUSED_FUNCTION = YES;
				GCC_WARN_UNUSED_VARIABLE = YES;
				IPHONEOS_DEPLOYMENT_TARGET = 9.2;
				MTL_ENABLE_DEBUG_INFO = YES;
				ONLY_ACTIVE_ARCH = YES;
				SDKROOT = iphoneos;
				SWIFT_OPTIMIZATION_LEVEL = "-Onone";
			};
			name = Debug;
		};
		D6C540ED1DE5748D003BC5A8 /* Release */ = {
			isa = XCBuildConfiguration;
			buildSettings = {
				ALWAYS_SEARCH_USER_PATHS = NO;
				CLANG_CXX_LANGUAGE_STANDARD = "gnu++0x";
				CLANG_CXX_LIBRARY = "libc++";
				CLANG_ENABLE_MODULES = YES;
				CLANG_ENABLE_OBJC_ARC = YES;
				CLANG_WARN_BOOL_CONVERSION = YES;
				CLANG_WARN_CONSTANT_CONVERSION = YES;
				CLANG_WARN_DIRECT_OBJC_ISA_USAGE = YES_ERROR;
				CLANG_WARN_EMPTY_BODY = YES;
				CLANG_WARN_ENUM_CONVERSION = YES;
				CLANG_WARN_INT_CONVERSION = YES;
				CLANG_WARN_OBJC_ROOT_CLASS = YES_ERROR;
				CLANG_WARN_UNREACHABLE_CODE = YES;
				CLANG_WARN__DUPLICATE_METHOD_MATCH = YES;
				"CODE_SIGN_IDENTITY[sdk=iphoneos*]" = "iPhone Developer";
				COPY_PHASE_STRIP = NO;
				DEBUG_INFORMATION_FORMAT = "dwarf-with-dsym";
				ENABLE_NS_ASSERTIONS = NO;
				ENABLE_STRICT_OBJC_MSGSEND = YES;
				GCC_C_LANGUAGE_STANDARD = gnu99;
				GCC_NO_COMMON_BLOCKS = YES;
				GCC_WARN_64_TO_32_BIT_CONVERSION = YES;
				GCC_WARN_ABOUT_RETURN_TYPE = YES_ERROR;
				GCC_WARN_UNDECLARED_SELECTOR = YES;
				GCC_WARN_UNINITIALIZED_AUTOS = YES_AGGRESSIVE;
				GCC_WARN_UNUSED_FUNCTION = YES;
				GCC_WARN_UNUSED_VARIABLE = YES;
				IPHONEOS_DEPLOYMENT_TARGET = 9.2;
				MTL_ENABLE_DEBUG_INFO = NO;
				SDKROOT = iphoneos;
				VALIDATE_PRODUCT = YES;
			};
			name = Release;
		};
		D6C540EF1DE5748D003BC5A8 /* Debug */ = {
			isa = XCBuildConfiguration;
			buildSettings = {
				ASSETCATALOG_COMPILER_APPICON_NAME = AppIcon;
				INFOPLIST_FILE = sample/Info.plist;
				LD_RUNPATH_SEARCH_PATHS = "$(inherited) @executable_path/Frameworks";
				PRODUCT_BUNDLE_IDENTIFIER = com.Practice.sample;
				PRODUCT_NAME = "$(TARGET_NAME)";
			};
			name = Debug;
		};
		D6C540F01DE5748D003BC5A8 /* Release */ = {
			isa = XCBuildConfiguration;
			buildSettings = {
				ASSETCATALOG_COMPILER_APPICON_NAME = AppIcon;
				INFOPLIST_FILE = sample/Info.plist;
				LD_RUNPATH_SEARCH_PATHS = "$(inherited) @executable_path/Frameworks";
				PRODUCT_BUNDLE_IDENTIFIER = com.Practice.sample;
				PRODUCT_NAME = "$(TARGET_NAME)";
			};
			name = Release;
		};
/* End XCBuildConfiguration section */

/* Begin XCConfigurationList section */
		D6C540D71DE5748D003BC5A8 /* Build configuration list for PBXProject "sample" */ = {
			isa = XCConfigurationList;
			buildConfigurations = (
				D6C540EC1DE5748D003BC5A8 /* Debug */,
				D6C540ED1DE5748D003BC5A8 /* Release */,
			);
			defaultConfigurationIsVisible = 0;
			defaultConfigurationName = Release;
		};
		D6C540EE1DE5748D003BC5A8 /* Build configuration list for PBXNativeTarget "sample" */ = {
			isa = XCConfigurationList;
			buildConfigurations = (
				D6C540EF1DE5748D003BC5A8 /* Debug */,
				D6C540F01DE5748D003BC5A8 /* Release */,
			);
			defaultConfigurationIsVisible = 0;
		};
/* End XCConfigurationList section */
	};
	rootObject = D6C540D41DE5748D003BC5A8 /* Project object */;
}
